
Microsoft Visual Studio Solution File, Format Version 12.00
# Visual Studio Version 17
VisualStudioVersion = 17.0.31903.59
MinimumVisualStudioVersion = 10.0.40219.1
Project("{2150E333-8FDC-42A3-9474-1A3956D46DE8}") = "src", "src", "{827E0CD3-B72D-47B6-A68D-7590B98EB39B}"
EndProject
Project("{FAE04EC0-301F-11D3-BF4B-00C04F79EFBC}") = "TurnMeUp.Api", "src\TurnMeUp.Api\TurnMeUp.Api.csproj", "{6223D09B-EEB4-4554-9C5F-4B28ECCDC465}"
EndProject
Project("{FAE04EC0-301F-11D3-BF4B-00C04F79EFBC}") = "TurnMeUp.Domain", "src\TurnMeUp.Domain\TurnMeUp.Domain.csproj", "{A4244888-7838-450E-BAE1-F3FC22E1663E}"
EndProject
Project("{FAE04EC0-301F-11D3-BF4B-00C04F79EFBC}") = "TurnMeUp.Application", "src\TurnMeUp.Application\TurnMeUp.Application.csproj", "{EA0236B7-AFB1-46AF-AE82-7F81ED333D74}"
EndProject
Project("{FAE04EC0-301F-11D3-BF4B-00C04F79EFBC}") = "TurnMeUp.Infrastructure", "src\TurnMeUp.Infrastructure\TurnMeUp.Infrastructure.csproj", "{F3263994-1FC9-4D2C-9AD2-2C1617701F44}"
EndProject
Project("{2150E333-8FDC-42A3-9474-1A3956D46DE8}") = "tests", "tests", "{0AB3BF05-4346-4AA6-1389-037BE0695223}"
EndProject
Project("{FAE04EC0-301F-11D3-BF4B-00C04F79EFBC}") = "TurnMeUp.Api.Tests", "tests\TurnMeUp.Api.Tests\TurnMeUp.Api.Tests.csproj", "{37B6169E-E673-4AF5-9E89-CD3D27E2CBC0}"
EndProject
Project("{2150E333-8FDC-42A3-9474-1A3956D46DE8}") = "docker", "docker", "{02EA681E-C7D8-13C7-8484-4AC65E1B71E8}"
	ProjectSection(SolutionItems) = preProject
		docker\Dockerfile = docker\Dockerfile
	EndProjectSection
EndProject
Global
	GlobalSection(SolutionConfigurationPlatforms) = preSolution
		Debug|Any CPU = Debug|Any CPU
		Debug|x64 = Debug|x64
		Debug|x86 = Debug|x86
		Release|Any CPU = Release|Any CPU
		Release|x64 = Release|x64
		Release|x86 = Release|x86
	EndGlobalSection
	GlobalSection(ProjectConfigurationPlatforms) = postSolution
		{6223D09B-EEB4-4554-9C5F-4B28ECCDC465}.Debug|Any CPU.ActiveCfg = Debug|Any CPU
		{6223D09B-EEB4-4554-9C5F-4B28ECCDC465}.Debug|Any CPU.Build.0 = Debug|Any CPU
		{6223D09B-EEB4-4554-9C5F-4B28ECCDC465}.Debug|x64.ActiveCfg = Debug|Any CPU
		{6223D09B-EEB4-4554-9C5F-4B28ECCDC465}.Debug|x64.Build.0 = Debug|Any CPU
		{6223D09B-EEB4-4554-9C5F-4B28ECCDC465}.Debug|x86.ActiveCfg = Debug|Any CPU
		{6223D09B-EEB4-4554-9C5F-4B28ECCDC465}.Debug|x86.Build.0 = Debug|Any CPU
		{6223D09B-EEB4-4554-9C5F-4B28ECCDC465}.Release|Any CPU.ActiveCfg = Release|Any CPU
		{6223D09B-EEB4-4554-9C5F-4B28ECCDC465}.Release|Any CPU.Build.0 = Release|Any CPU
		{6223D09B-EEB4-4554-9C5F-4B28ECCDC465}.Release|x64.ActiveCfg = Release|Any CPU
		{6223D09B-EEB4-4554-9C5F-4B28ECCDC465}.Release|x64.Build.0 = Release|Any CPU
		{6223D09B-EEB4-4554-9C5F-4B28ECCDC465}.Release|x86.ActiveCfg = Release|Any CPU
		{6223D09B-EEB4-4554-9C5F-4B28ECCDC465}.Release|x86.Build.0 = Release|Any CPU
		{A4244888-7838-450E-BAE1-F3FC22E1663E}.Debug|Any CPU.ActiveCfg = Debug|Any CPU
		{A4244888-7838-450E-BAE1-F3FC22E1663E}.Debug|Any CPU.Build.0 = Debug|Any CPU
		{A4244888-7838-450E-BAE1-F3FC22E1663E}.Debug|x64.ActiveCfg = Debug|Any CPU
		{A4244888-7838-450E-BAE1-F3FC22E1663E}.Debug|x64.Build.0 = Debug|Any CPU
		{A4244888-7838-450E-BAE1-F3FC22E1663E}.Debug|x86.ActiveCfg = Debug|Any CPU
		{A4244888-7838-450E-BAE1-F3FC22E1663E}.Debug|x86.Build.0 = Debug|Any CPU
		{A4244888-7838-450E-BAE1-F3FC22E1663E}.Release|Any CPU.ActiveCfg = Release|Any CPU
		{A4244888-7838-450E-BAE1-F3FC22E1663E}.Release|Any CPU.Build.0 = Release|Any CPU
		{A4244888-7838-450E-BAE1-F3FC22E1663E}.Release|x64.ActiveCfg = Release|Any CPU
		{A4244888-7838-450E-BAE1-F3FC22E1663E}.Release|x64.Build.0 = Release|Any CPU
		{A4244888-7838-450E-BAE1-F3FC22E1663E}.Release|x86.ActiveCfg = Release|Any CPU
		{A4244888-7838-450E-BAE1-F3FC22E1663E}.Release|x86.Build.0 = Release|Any CPU
		{EA0236B7-AFB1-46AF-AE82-7F81ED333D74}.Debug|Any CPU.ActiveCfg = Debug|Any CPU
		{EA0236B7-AFB1-46AF-AE82-7F81ED333D74}.Debug|Any CPU.Build.0 = Debug|Any CPU
		{EA0236B7-AFB1-46AF-AE82-7F81ED333D74}.Debug|x64.ActiveCfg = Debug|Any CPU
		{EA0236B7-AFB1-46AF-AE82-7F81ED333D74}.Debug|x64.Build.0 = Debug|Any CPU
		{EA0236B7-AFB1-46AF-AE82-7F81ED333D74}.Debug|x86.ActiveCfg = Debug|Any CPU
		{EA0236B7-AFB1-46AF-AE82-7F81ED333D74}.Debug|x86.Build.0 = Debug|Any CPU
		{EA0236B7-AFB1-46AF-AE82-7F81ED333D74}.Release|Any CPU.ActiveCfg = Release|Any CPU
		{EA0236B7-AFB1-46AF-AE82-7F81ED333D74}.Release|Any CPU.Build.0 = Release|Any CPU
		{EA0236B7-AFB1-46AF-AE82-7F81ED333D74}.Release|x64.ActiveCfg = Release|Any CPU
		{EA0236B7-AFB1-46AF-AE82-7F81ED333D74}.Release|x64.Build.0 = Release|Any CPU
		{EA0236B7-AFB1-46AF-AE82-7F81ED333D74}.Release|x86.ActiveCfg = Release|Any CPU
		{EA0236B7-AFB1-46AF-AE82-7F81ED333D74}.Release|x86.Build.0 = Release|Any CPU
		{F3263994-1FC9-4D2C-9AD2-2C1617701F44}.Debug|Any CPU.ActiveCfg = Debug|Any CPU
		{F3263994-1FC9-4D2C-9AD2-2C1617701F44}.Debug|Any CPU.Build.0 = Debug|Any CPU
		{F3263994-1FC9-4D2C-9AD2-2C1617701F44}.Debug|x64.ActiveCfg = Debug|Any CPU
		{F3263994-1FC9-4D2C-9AD2-2C1617701F44}.Debug|x64.Build.0 = Debug|Any CPU
		{F3263994-1FC9-4D2C-9AD2-2C1617701F44}.Debug|x86.ActiveCfg = Debug|Any CPU
		{F3263994-1FC9-4D2C-9AD2-2C1617701F44}.Debug|x86.Build.0 = Debug|Any CPU
		{F3263994-1FC9-4D2C-9AD2-2C1617701F44}.Release|Any CPU.ActiveCfg = Release|Any CPU
		{F3263994-1FC9-4D2C-9AD2-2C1617701F44}.Release|Any CPU.Build.0 = Release|Any CPU
		{F3263994-1FC9-4D2C-9AD2-2C1617701F44}.Release|x64.ActiveCfg = Release|Any CPU
		{F3263994-1FC9-4D2C-9AD2-2C1617701F44}.Release|x64.Build.0 = Release|Any CPU
		{F3263994-1FC9-4D2C-9AD2-2C1617701F44}.Release|x86.ActiveCfg = Release|Any CPU
		{F3263994-1FC9-4D2C-9AD2-2C1617701F44}.Release|x86.Build.0 = Release|Any CPU
		{37B6169E-E673-4AF5-9E89-CD3D27E2CBC0}.Debug|Any CPU.ActiveCfg = Debug|Any CPU
		{37B6169E-E673-4AF5-9E89-CD3D27E2CBC0}.Debug|Any CPU.Build.0 = Debug|Any CPU
		{37B6169E-E673-4AF5-9E89-CD3D27E2CBC0}.Debug|x64.ActiveCfg = Debug|Any CPU
		{37B6169E-E673-4AF5-9E89-CD3D27E2CBC0}.Debug|x64.Build.0 = Debug|Any CPU
		{37B6169E-E673-4AF5-9E89-CD3D27E2CBC0}.Debug|x86.ActiveCfg = Debug|Any CPU
		{37B6169E-E673-4AF5-9E89-CD3D27E2CBC0}.Debug|x86.Build.0 = Debug|Any CPU
		{37B6169E-E673-4AF5-9E89-CD3D27E2CBC0}.Release|Any CPU.ActiveCfg = Release|Any CPU
		{37B6169E-E673-4AF5-9E89-CD3D27E2CBC0}.Release|Any CPU.Build.0 = Release|Any CPU
		{37B6169E-E673-4AF5-9E89-CD3D27E2CBC0}.Release|x64.ActiveCfg = Release|Any CPU
		{37B6169E-E673-4AF5-9E89-CD3D27E2CBC0}.Release|x64.Build.0 = Release|Any CPU
		{37B6169E-E673-4AF5-9E89-CD3D27E2CBC0}.Release|x86.ActiveCfg = Release|Any CPU
		{37B6169E-E673-4AF5-9E89-CD3D27E2CBC0}.Release|x86.Build.0 = Release|Any CPU
	EndGlobalSection
	GlobalSection(SolutionProperties) = preSolution
		HideSolutionNode = FALSE
	EndGlobalSection
	GlobalSection(NestedProjects) = preSolution
		{6223D09B-EEB4-4554-9C5F-4B28ECCDC465} = {827E0CD3-B72D-47B6-A68D-7590B98EB39B}
		{A4244888-7838-450E-BAE1-F3FC22E1663E} = {827E0CD3-B72D-47B6-A68D-7590B98EB39B}
		{EA0236B7-AFB1-46AF-AE82-7F81ED333D74} = {827E0CD3-B72D-47B6-A68D-7590B98EB39B}
		{F3263994-1FC9-4D2C-9AD2-2C1617701F44} = {827E0CD3-B72D-47B6-A68D-7590B98EB39B}
		{37B6169E-E673-4AF5-9E89-CD3D27E2CBC0} = {0AB3BF05-4346-4AA6-1389-037BE0695223}
	EndGlobalSection
	GlobalSection(ExtensibilityGlobals) = postSolution
		SolutionGuid = {AECBCBED-49EF-43E2-BE9F-A40EF8C88D61}
	EndGlobalSection
EndGlobal
